<?xml version="1.0" encoding="utf-8"?>
<Project ToolsVersion="4.0" xmlns="http://schemas.microsoft.com/developer/msbuild/2003">
  <ItemGroup>
    <Filter Include="Source Files">
      <UniqueIdentifier>{4FC737F1-C7A5-4376-A066-2A32D752A2FF}</UniqueIdentifier>
      <Extensions>cpp;c;cc;cxx;c++;cppm;ixx;def;odl;idl;hpj;bat;asm;asmx</Extensions>
    </Filter>
    <Filter Include="Header Files">
      <UniqueIdentifier>{93995380-89BD-4b04-88EB-625FBE52EBFB}</UniqueIdentifier>
      <Extensions>h;hh;hpp;hxx;h++;hm;inl;inc;ipp;xsd</Extensions>
    </Filter>
    <Filter Include="Resource Files">
      <UniqueIdentifier>{67DA6AB6-F800-4c08-8B7A-83BB121AAD01}</UniqueIdentifier>
      <Extensions>rc;ico;cur;bmp;dlg;rc2;rct;bin;rgs;gif;jpg;jpeg;jpe;resx;tiff;tif;png;wav;mfcribbon-ms</Extensions>
    </Filter>
  </ItemGroup>
  <ItemGroup>
    <ClCompile Include="action.cpp">
      <Filter>Source Files</Filter>
    </ClCompile>
    <ClCompile Include="belief_state.cpp">
      <Filter>Source Files</Filter>
    </ClCompile>
    <ClCompile Include="Example Problems\City Exploration\city_exploration_domain.cpp">
      <Filter>Source Files</Filter>
    </ClCompile>
    <ClCompile Include="Example Problems\City Exploration\city_exploration_problem.cpp">
      <Filter>Source Files</Filter>
    </ClCompile>
    <ClCompile Include="domain.cpp">
      <Filter>Source Files</Filter>
    </ClCompile>
    <ClCompile Include="Analysis\domain_analysis.cpp">
      <Filter>Source Files</Filter>
    </ClCompile>
    <ClCompile Include="dynamic_state.cpp">
      <Filter>Source Files</Filter>
    </ClCompile>
    <ClCompile Include="eval_policy_dfs.cpp">
      <Filter>Source Files</Filter>
    </ClCompile>
    <ClCompile Include="full_belief_state.cpp">
      <Filter>Source Files</Filter>
    </ClCompile>
    <ClCompile Include="interval_solver.cpp">
      <Filter>Source Files</Filter>
    </ClCompile>
    <ClCompile Include="main.cpp">
      <Filter>Source Files</Filter>
    </ClCompile>
    <ClCompile Include="nelder_mead.cpp">
      <Filter>Source Files</Filter>
    </ClCompile>
    <ClCompile Include="observation.cpp">
      <Filter>Source Files</Filter>
    </ClCompile>
    <ClCompile Include="orthotope_kd_tree.cpp">
      <Filter>Source Files</Filter>
    </ClCompile>
    <ClCompile Include="orthotope_list.cpp">
      <Filter>Source Files</Filter>
    </ClCompile>
    <ClCompile Include="particle_belief_state.cpp">
      <Filter>Source Files</Filter>
    </ClCompile>
    <ClCompile Include="Policy\policy.cpp">
      <Filter>Source Files</Filter>
    </ClCompile>
    <ClCompile Include="Analysis\policy_analysis.cpp">
      <Filter>Source Files</Filter>
    </ClCompile>
    <ClCompile Include="problem.cpp">
      <Filter>Source Files</Filter>
    </ClCompile>
    <ClCompile Include="Analysis\problem_analysis.cpp">
      <Filter>Source Files</Filter>
    </ClCompile>
    <ClCompile Include="utility.cpp">
      <Filter>Source Files</Filter>
    </ClCompile>
    <ClCompile Include="Example Problems\City Exploration\city_exploration_policy_generators.cpp">
      <Filter>Source Files</Filter>
    </ClCompile>
    <ClCompile Include="Policy\BSQ\belief_state_query_node.cpp">
      <Filter>Source Files</Filter>
    </ClCompile>
    <ClCompile Include="Policy\BSQ\belief_state_query.cpp">
      <Filter>Source Files</Filter>
    </ClCompile>
    <ClCompile Include="function_data.cpp">
      <Filter>Source Files</Filter>
    </ClCompile>
    <ClCompile Include="query_instance.cpp">
      <Filter>Source Files</Filter>
    </ClCompile>
    <ClCompile Include="Policy\Rule Nodes\parameter_value_inequality.cpp">
      <Filter>Source Files</Filter>
    </ClCompile>
    <ClCompile Include="Policy\Rule Nodes\RuleConditionNode.cpp">
      <Filter>Source Files</Filter>
    </ClCompile>
    <ClCompile Include="Policy\rule.cpp">
      <Filter>Source Files</Filter>
    </ClCompile>
    <ClCompile Include="Example Problems\Graph Rock Sample\graph_rock_sample_domain.cpp">
      <Filter>Source Files</Filter>
    </ClCompile>
    <ClCompile Include="Example Problems\Graph Rock Sample\graph_rock_sample_problem.cpp">
      <Filter>Source Files</Filter>
    </ClCompile>
    <ClCompile Include="Example Problems\Lane Merger\lane_merger_domain.cpp">
      <Filter>Source Files</Filter>
    </ClCompile>
    <ClCompile Include="Example Problems\Lane Merger\lane_merger_problem.cpp">
      <Filter>Source Files</Filter>
    </ClCompile>
    <ClCompile Include="Example Problems\Lane Merger\lane_merger_policy_generator.cpp">
      <Filter>Source Files</Filter>
    </ClCompile>
    <ClCompile Include="Example Problems\Spaceship Repair\spaceship_repair_domain.cpp">
      <Filter>Source Files</Filter>
    </ClCompile>
    <ClCompile Include="Example Problems\Spaceship Repair\spaceship_repair_problem.cpp">
      <Filter>Source Files</Filter>
    </ClCompile>
    <ClCompile Include="Analysis\compliance_analysis.cpp">
      <Filter>Source Files</Filter>
    </ClCompile>
    <ClCompile Include="parallel_evaluator.cpp">
      <Filter>Source Files</Filter>
    </ClCompile>
    <ClCompile Include="particle_swarm.cpp">
      <Filter>Source Files</Filter>
    </ClCompile>
  </ItemGroup>
  <ItemGroup>
    <ClInclude Include="action.h">
      <Filter>Header Files</Filter>
    </ClInclude>
    <ClInclude Include="belief_state.h">
      <Filter>Header Files</Filter>
    </ClInclude>
    <ClInclude Include="Example Problems\City Exploration\city_exploration_domain.h">
      <Filter>Header Files</Filter>
    </ClInclude>
    <ClInclude Include="Example Problems\City Exploration\city_exploration_problem.h">
      <Filter>Header Files</Filter>
    </ClInclude>
    <ClInclude Include="constants.h">
      <Filter>Header Files</Filter>
    </ClInclude>
    <ClInclude Include="domain.h">
      <Filter>Header Files</Filter>
    </ClInclude>
    <ClInclude Include="Analysis\domain_analysis.h">
      <Filter>Header Files</Filter>
    </ClInclude>
    <ClInclude Include="dynamic_state.h">
      <Filter>Header Files</Filter>
    </ClInclude>
    <ClInclude Include="eval_policy_dfs.h">
      <Filter>Header Files</Filter>
    </ClInclude>
    <ClInclude Include="full_belief_state.h">
      <Filter>Header Files</Filter>
    </ClInclude>
    <ClInclude Include="function_data.h">
      <Filter>Header Files</Filter>
    </ClInclude>
    <ClInclude Include="interval_solver.h">
      <Filter>Header Files</Filter>
    </ClInclude>
    <ClInclude Include="nelder_mead.h">
      <Filter>Header Files</Filter>
    </ClInclude>
    <ClInclude Include="observation.h">
      <Filter>Header Files</Filter>
    </ClInclude>
    <ClInclude Include="orthotope_kd_tree.h">
      <Filter>Header Files</Filter>
    </ClInclude>
    <ClInclude Include="orthotope_list.h">
      <Filter>Header Files</Filter>
    </ClInclude>
    <ClInclude Include="particle_belief_state.h">
      <Filter>Header Files</Filter>
    </ClInclude>
    <ClInclude Include="Policy\policy.h">
      <Filter>Header Files</Filter>
    </ClInclude>
    <ClInclude Include="Analysis\policy_analysis.h">
      <Filter>Header Files</Filter>
    </ClInclude>
    <ClInclude Include="problem.h">
      <Filter>Header Files</Filter>
    </ClInclude>
    <ClInclude Include="Analysis\problem_analysis.h">
      <Filter>Header Files</Filter>
    </ClInclude>
    <ClInclude Include="static_state.h">
      <Filter>Header Files</Filter>
    </ClInclude>
    <ClInclude Include="utility.h">
      <Filter>Header Files</Filter>
    </ClInclude>
    <ClInclude Include="Example Problems\City Exploration\city_exploration_policy_generators.h">
      <Filter>Header Files</Filter>
    </ClInclude>
    <ClInclude Include="Policy\BSQ\belief_state_query.h">
      <Filter>Header Files</Filter>
    </ClInclude>
    <ClInclude Include="Policy\rule.h">
      <Filter>Header Files</Filter>
    </ClInclude>
    <ClInclude Include="Policy\Rule Nodes\RuleConditionNode.h">
      <Filter>Header Files</Filter>
    </ClInclude>
    <ClInclude Include="Policy\BSQ\belief_state_query_node.h">
      <Filter>Header Files</Filter>
    </ClInclude>
    <ClInclude Include="parameter_info.h">
      <Filter>Header Files</Filter>
    </ClInclude>
    <ClInclude Include="query_instance.h">
      <Filter>Header Files</Filter>
    </ClInclude>
    <ClInclude Include="Policy\Rule Nodes\parameter_value_inequality.h">
      <Filter>Header Files</Filter>
    </ClInclude>
    <ClInclude Include="Example Problems\Graph Rock Sample\graph_rock_sample_domain.h">
      <Filter>Header Files</Filter>
    </ClInclude>
    <ClInclude Include="Example Problems\Graph Rock Sample\graph_rock_sample_problem.h">
      <Filter>Header Files</Filter>
    </ClInclude>
    <ClInclude Include="Example Problems\Lane Merger\lane_merger_domain.h">
      <Filter>Header Files</Filter>
    </ClInclude>
    <ClInclude Include="Example Problems\Lane Merger\lane_merger_problem.h">
      <Filter>Header Files</Filter>
    </ClInclude>
    <ClInclude Include="Example Problems\Lane Merger\lane_merger_policy_generator.h">
      <Filter>Header Files</Filter>
    </ClInclude>
    <ClInclude Include="Example Problems\Spaceship Repair\spaceship_repair_domain.h">
      <Filter>Header Files</Filter>
    </ClInclude>
    <ClInclude Include="Example Problems\Spaceship Repair\spaceship_repair_problem.h">
      <Filter>Header Files</Filter>
    </ClInclude>
    <ClInclude Include="Analysis\compliance_analysis.h">
      <Filter>Header Files</Filter>
    </ClInclude>
    <ClInclude Include="parallel_evaluator.h">
      <Filter>Header Files</Filter>
    </ClInclude>
    <ClInclude Include="particle_swarm.h">
      <Filter>Header Files</Filter>
    </ClInclude>
  </ItemGroup>
  <ItemGroup>
    <Text Include="Example Problems\City Exploration\Policies\CityExplorationPolicy1.txt" />
    <Text Include="Example Problems\Graph Rock Sample\Policies\graph_rock_sample_policy1_old.txt" />
    <Text Include="Example Problems\Graph Rock Sample\Policies\graph_rock_sample_policy1.txt" />
    <Text Include="Example Problems\Lane Merger\Policies\lane_merger_policy1.txt" />
    <Text Include="Example Problems\Spaceship Repair\Policies\spaceship_repair_policy.txt" />
  </ItemGroup>
</Project>